// !$*UTF8*$!
{
	archiveVersion = 1;
	classes = {
	};
	objectVersion = 56;
	objects = {

/* Begin PBXBuildFile section */
		84FAB5D92A174E580047315E /* AppDelegate.m in Sources */ = {isa = PBXBuildFile; fileRef = 84FAB5D82A174E580047315E /* AppDelegate.m */; };
		84FAB5DC2A174E580047315E /* SceneDelegate.m in Sources */ = {isa = PBXBuildFile; fileRef = 84FAB5DB2A174E580047315E /* SceneDelegate.m */; };
		84FAB5DF2A174E580047315E /* ViewController.m in Sources */ = {isa = PBXBuildFile; fileRef = 84FAB5DE2A174E580047315E /* ViewController.m */; };
		84FAB5E22A174E580047315E /* Main.storyboard in Resources */ = {isa = PBXBuildFile; fileRef = 84FAB5E02A174E580047315E /* Main.storyboard */; };
		84FAB5E42A174E5B0047315E /* Assets.xcassets in Resources */ = {isa = PBXBuildFile; fileRef = 84FAB5E32A174E5B0047315E /* Assets.xcassets */; };
		84FAB5E72A174E5B0047315E /* LaunchScreen.storyboard in Resources */ = {isa = PBXBuildFile; fileRef = 84FAB5E52A174E5B0047315E /* LaunchScreen.storyboard */; };
		84FAB5EA2A174E5B0047315E /* main.m in Sources */ = {isa = PBXBuildFile; fileRef = 84FAB5E92A174E5B0047315E /* main.m */; };
		84FAB5F42A174E5B0047315E /* CusYrPocTests.m in Sources */ = {isa = PBXBuildFile; fileRef = 84FAB5F32A174E5B0047315E /* CusYrPocTests.m */; };
		84FAB5FE2A174E5B0047315E /* CusYrPocUITests.m in Sources */ = {isa = PBXBuildFile; fileRef = 84FAB5FD2A174E5B0047315E /* CusYrPocUITests.m */; };
		84FAB6002A174E5B0047315E /* CusYrPocUITestsLaunchTests.m in Sources */ = {isa = PBXBuildFile; fileRef = 84FAB5FF2A174E5B0047315E /* CusYrPocUITestsLaunchTests.m */; };
		84FAB60F2A175F0C0047315E /* MiLiveViewController.m in Sources */ = {isa = PBXBuildFile; fileRef = 84FAB60D2A175F0C0047315E /* MiLiveViewController.m */; };
		84FAB6102A175F0C0047315E /* MiLiveViewController.xib in Resources */ = {isa = PBXBuildFile; fileRef = 84FAB60E2A175F0C0047315E /* MiLiveViewController.xib */; };
		84FAB6152A1775720047315E /* MiAudienceVC.m in Sources */ = {isa = PBXBuildFile; fileRef = 84FAB6132A1775720047315E /* MiAudienceVC.m */; };
		84FAB6162A1775720047315E /* MiAudienceVC.xib in Resources */ = {isa = PBXBuildFile; fileRef = 84FAB6142A1775720047315E /* MiAudienceVC.xib */; };
		84FAB6472A29828D0047315E /* 3DMicroPlasticDefault.zip in Resources */ = {isa = PBXBuildFile; fileRef = 84FAB61A2A29828D0047315E /* 3DMicroPlasticDefault.zip */; };
		84FAB6482A29828D0047315E /* whiten_gif.zip in Resources */ = {isa = PBXBuildFile; fileRef = 84FAB61C2A29828D0047315E /* whiten_gif.zip */; };
		84FAB6492A29828D0047315E /* M_SenseME_CatFace_3.0.0.model in Resources */ = {isa = PBXBuildFile; fileRef = 84FAB61E2A29828D0047315E /* M_SenseME_CatFace_3.0.0.model */; };
		84FAB64A2A29828D0047315E /* M_SenseME_DogFace_2.0.0.model in Resources */ = {isa = PBXBuildFile; fileRef = 84FAB61F2A29828D0047315E /* M_SenseME_DogFace_2.0.0.model */; };
		84FAB64B2A29828D0047315E /* model.bundle in Resources */ = {isa = PBXBuildFile; fileRef = 84FAB6202A29828D0047315E /* model.bundle */; };
		84FAB64C2A29828D0047315E /* SenseAR_v8.6.0(Effects)_Model_Usage_Instructions的.pdf in Resources */ = {isa = PBXBuildFile; fileRef = 84FAB6212A29828D0047315E /* SenseAR_v8.6.0(Effects)_Model_Usage_Instructions的.pdf */; };
		84FAB64D2A29828D0047315E /* M_SenseME_Attribute_1.0.1.model in Resources */ = {isa = PBXBuildFile; fileRef = 84FAB6222A29828D0047315E /* M_SenseME_Attribute_1.0.1.model */; };
		84FAB64E2A29828D0047315E /* eyelash.bundle in Resources */ = {isa = PBXBuildFile; fileRef = 84FAB6242A29828D0047315E /* eyelash.bundle */; };
		84FAB64F2A29828D0047315E /* lips.bundle in Resources */ = {isa = PBXBuildFile; fileRef = 84FAB6252A29828D0047315E /* lips.bundle */; };
		84FAB6502A29828D0047315E /* brow.bundle in Resources */ = {isa = PBXBuildFile; fileRef = 84FAB6262A29828D0047315E /* brow.bundle */; };
		84FAB6512A29828D0047315E /* qingzhuang.bundle in Resources */ = {isa = PBXBuildFile; fileRef = 84FAB6272A29828D0047315E /* qingzhuang.bundle */; };
		84FAB6522A29828D0047315E /* face.bundle in Resources */ = {isa = PBXBuildFile; fileRef = 84FAB6282A29828D0047315E /* face.bundle */; };
		84FAB6532A29828D0047315E /* eyeshadow.bundle in Resources */ = {isa = PBXBuildFile; fileRef = 84FAB6292A29828D0047315E /* eyeshadow.bundle */; };
		84FAB6542A29828D0047315E /* blush.bundle in Resources */ = {isa = PBXBuildFile; fileRef = 84FAB62A2A29828D0047315E /* blush.bundle */; };
		84FAB6552A29828D0047315E /* lianxingface.zip in Resources */ = {isa = PBXBuildFile; fileRef = 84FAB62C2A29828D0047315E /* lianxingface.zip */; };
		84FAB6562A29828D0047315E /* track.bundle in Resources */ = {isa = PBXBuildFile; fileRef = 84FAB62D2A29828D0047315E /* track.bundle */; };
		84FAB6582A29828D0047315E /* SenseME.lic in Resources */ = {isa = PBXBuildFile; fileRef = 84FAB6302A29828D0047315E /* SenseME.lic */; };
		84FAB6592A29828D0047315E /* PortraitFilters.bundle in Resources */ = {isa = PBXBuildFile; fileRef = 84FAB6322A29828D0047315E /* PortraitFilters.bundle */; };
		84FAB65A2A29828D0047315E /* SceneryFilters.bundle in Resources */ = {isa = PBXBuildFile; fileRef = 84FAB6332A29828D0047315E /* SceneryFilters.bundle */; };
		84FAB65B2A29828D0047315E /* StillLifeFilters.bundle in Resources */ = {isa = PBXBuildFile; fileRef = 84FAB6342A29828D0047315E /* StillLifeFilters.bundle */; };
		84FAB65C2A29828D0047315E /* DeliciousFoodFilters.bundle in Resources */ = {isa = PBXBuildFile; fileRef = 84FAB6352A29828D0047315E /* DeliciousFoodFilters.bundle */; };
		84FAB65D2A29828D0047315E /* makeup_banner.png in Resources */ = {isa = PBXBuildFile; fileRef = 84FAB6372A29828D0047315E /* makeup_banner.png */; };
		84FAB65E2A29828D0047315E /* animal_banner.png in Resources */ = {isa = PBXBuildFile; fileRef = 84FAB6392A29828D0047315E /* animal_banner.png */; };
		84FAB65F2A29828D0047315E /* catdog.md in Resources */ = {isa = PBXBuildFile; fileRef = 84FAB63A2A29828D0047315E /* catdog.md */; };
		84FAB6602A29828D0047315E /* icon.png in Resources */ = {isa = PBXBuildFile; fileRef = 84FAB63B2A29828D0047315E /* icon.png */; };
		84FAB6612A29828D0047315E /* cat_toukui.png in Resources */ = {isa = PBXBuildFile; fileRef = 84FAB63C2A29828D0047315E /* cat_toukui.png */; };
		84FAB6622A29828D0047315E /* Dog_toukui.png in Resources */ = {isa = PBXBuildFile; fileRef = 84FAB63D2A29828D0047315E /* Dog_toukui.png */; };
		84FAB6632A29828D0047315E /* cat3D.png in Resources */ = {isa = PBXBuildFile; fileRef = 84FAB63E2A29828D0047315E /* cat3D.png */; };
		84FAB6642A29828D0047315E /* dog3D.png in Resources */ = {isa = PBXBuildFile; fileRef = 84FAB63F2A29828D0047315E /* dog3D.png */; };
		84FAB6652A29828D0047315E /* catdog.html in Resources */ = {isa = PBXBuildFile; fileRef = 84FAB6402A29828D0047315E /* catdog.html */; };
		84FAB6662A29828D0047315E /* Dog_toukui00.png in Resources */ = {isa = PBXBuildFile; fileRef = 84FAB6412A29828D0047315E /* Dog_toukui00.png */; };
		84FAB6672A29828D0047315E /* tryon_watch_banner.png in Resources */ = {isa = PBXBuildFile; fileRef = 84FAB6432A29828D0047315E /* tryon_watch_banner.png */; };
		84FAB6682A29828D0047315E /* 试表.html in Resources */ = {isa = PBXBuildFile; fileRef = 84FAB6442A29828D0047315E /* 试表.html */; };
		84FAB6692A29828D0047315E /* 试表.md in Resources */ = {isa = PBXBuildFile; fileRef = 84FAB6452A29828D0047315E /* 试表.md */; };
		84FAB66A2A29828D0047315E /* 试表.png in Resources */ = {isa = PBXBuildFile; fileRef = 84FAB6462A29828D0047315E /* 试表.png */; };
		84FAB66F2A2DD4AD0047315E /* AgoraSenseTimeExtension.framework in Frameworks */ = {isa = PBXBuildFile; fileRef = 84FAB66D2A2DD4870047315E /* AgoraSenseTimeExtension.framework */; };
		84FAB6702A2DD4AD0047315E /* AgoraSenseTimeExtension.framework in Embed Frameworks */ = {isa = PBXBuildFile; fileRef = 84FAB66D2A2DD4870047315E /* AgoraSenseTimeExtension.framework */; settings = {ATTRIBUTES = (CodeSignOnCopy, RemoveHeadersOnCopy, ); }; };
		84FAB6752A2DE8E20047315E /* MiCdnAudienceVC.m in Sources */ = {isa = PBXBuildFile; fileRef = 84FAB6732A2DE8E20047315E /* MiCdnAudienceVC.m */; };
		84FAB6762A2DE8E20047315E /* MiCdnAudienceVC.xib in Resources */ = {isa = PBXBuildFile; fileRef = 84FAB6742A2DE8E20047315E /* MiCdnAudienceVC.xib */; };
		E7B8247B2CD6311A1B3F4555 /* Pods_CusYrPoc.framework in Frameworks */ = {isa = PBXBuildFile; fileRef = EE42367A8B9CF0E97C72B4AE /* Pods_CusYrPoc.framework */; };
/* End PBXBuildFile section */

/* Begin PBXContainerItemProxy section */
		84FAB5F02A174E5B0047315E /* PBXContainerItemProxy */ = {
			isa = PBXContainerItemProxy;
			containerPortal = 84FAB5CC2A174E570047315E /* Project object */;
			proxyType = 1;
			remoteGlobalIDString = 84FAB5D32A174E580047315E;
			remoteInfo = CusYrPoc;
		};
		84FAB5FA2A174E5B0047315E /* PBXContainerItemProxy */ = {
			isa = PBXContainerItemProxy;
			containerPortal = 84FAB5CC2A174E570047315E /* Project object */;
			proxyType = 1;
			remoteGlobalIDString = 84FAB5D32A174E580047315E;
			remoteInfo = CusYrPoc;
		};
/* End PBXContainerItemProxy section */

/* Begin PBXCopyFilesBuildPhase section */
		84FAB6712A2DD4AE0047315E /* Embed Frameworks */ = {
			isa = PBXCopyFilesBuildPhase;
			buildActionMask = 2147483647;
			dstPath = "";
			dstSubfolderSpec = 10;
			files = (
				84FAB6702A2DD4AD0047315E /* AgoraSenseTimeExtension.framework in Embed Frameworks */,
			);
			name = "Embed Frameworks";
			runOnlyForDeploymentPostprocessing = 0;
		};
/* End PBXCopyFilesBuildPhase section */

/* Begin PBXFileReference section */
		782F9F744DBF5C56E35E059D /* Pods-CusYrPoc.debug.xcconfig */ = {isa = PBXFileReference; includeInIndex = 1; lastKnownFileType = text.xcconfig; name = "Pods-CusYrPoc.debug.xcconfig"; path = "Target Support Files/Pods-CusYrPoc/Pods-CusYrPoc.debug.xcconfig"; sourceTree = "<group>"; };
		818C464A56E6609A3FDC2B98 /* Pods-CusYrPoc.release.xcconfig */ = {isa = PBXFileReference; includeInIndex = 1; lastKnownFileType = text.xcconfig; name = "Pods-CusYrPoc.release.xcconfig"; path = "Target Support Files/Pods-CusYrPoc/Pods-CusYrPoc.release.xcconfig"; sourceTree = "<group>"; };
		84FAB5D42A174E580047315E /* CusYrPoc.app */ = {isa = PBXFileReference; explicitFileType = wrapper.application; includeInIndex = 0; path = CusYrPoc.app; sourceTree = BUILT_PRODUCTS_DIR; };
		84FAB5D72A174E580047315E /* AppDelegate.h */ = {isa = PBXFileReference; lastKnownFileType = sourcecode.c.h; path = AppDelegate.h; sourceTree = "<group>"; };
		84FAB5D82A174E580047315E /* AppDelegate.m */ = {isa = PBXFileReference; lastKnownFileType = sourcecode.c.objc; path = AppDelegate.m; sourceTree = "<group>"; };
		84FAB5DA2A174E580047315E /* SceneDelegate.h */ = {isa = PBXFileReference; lastKnownFileType = sourcecode.c.h; path = SceneDelegate.h; sourceTree = "<group>"; };
		84FAB5DB2A174E580047315E /* SceneDelegate.m */ = {isa = PBXFileReference; lastKnownFileType = sourcecode.c.objc; path = SceneDelegate.m; sourceTree = "<group>"; };
		84FAB5DD2A174E580047315E /* ViewController.h */ = {isa = PBXFileReference; lastKnownFileType = sourcecode.c.h; path = ViewController.h; sourceTree = "<group>"; };
		84FAB5DE2A174E580047315E /* ViewController.m */ = {isa = PBXFileReference; lastKnownFileType = sourcecode.c.objc; path = ViewController.m; sourceTree = "<group>"; };
		84FAB5E12A174E580047315E /* Base */ = {isa = PBXFileReference; lastKnownFileType = file.storyboard; name = Base; path = Base.lproj/Main.storyboard; sourceTree = "<group>"; };
		84FAB5E32A174E5B0047315E /* Assets.xcassets */ = {isa = PBXFileReference; lastKnownFileType = folder.assetcatalog; path = Assets.xcassets; sourceTree = "<group>"; };
		84FAB5E62A174E5B0047315E /* Base */ = {isa = PBXFileReference; lastKnownFileType = file.storyboard; name = Base; path = Base.lproj/LaunchScreen.storyboard; sourceTree = "<group>"; };
		84FAB5E82A174E5B0047315E /* Info.plist */ = {isa = PBXFileReference; lastKnownFileType = text.plist.xml; path = Info.plist; sourceTree = "<group>"; };
		84FAB5E92A174E5B0047315E /* main.m */ = {isa = PBXFileReference; lastKnownFileType = sourcecode.c.objc; path = main.m; sourceTree = "<group>"; };
		84FAB5EF2A174E5B0047315E /* CusYrPocTests.xctest */ = {isa = PBXFileReference; explicitFileType = wrapper.cfbundle; includeInIndex = 0; path = CusYrPocTests.xctest; sourceTree = BUILT_PRODUCTS_DIR; };
		84FAB5F32A174E5B0047315E /* CusYrPocTests.m */ = {isa = PBXFileReference; lastKnownFileType = sourcecode.c.objc; path = CusYrPocTests.m; sourceTree = "<group>"; };
		84FAB5F92A174E5B0047315E /* CusYrPocUITests.xctest */ = {isa = PBXFileReference; explicitFileType = wrapper.cfbundle; includeInIndex = 0; path = CusYrPocUITests.xctest; sourceTree = BUILT_PRODUCTS_DIR; };
		84FAB5FD2A174E5B0047315E /* CusYrPocUITests.m */ = {isa = PBXFileReference; lastKnownFileType = sourcecode.c.objc; path = CusYrPocUITests.m; sourceTree = "<group>"; };
		84FAB5FF2A174E5B0047315E /* CusYrPocUITestsLaunchTests.m */ = {isa = PBXFileReference; lastKnownFileType = sourcecode.c.objc; path = CusYrPocUITestsLaunchTests.m; sourceTree = "<group>"; };
		84FAB60C2A175F0C0047315E /* MiLiveViewController.h */ = {isa = PBXFileReference; lastKnownFileType = sourcecode.c.h; path = MiLiveViewController.h; sourceTree = "<group>"; };
		84FAB60D2A175F0C0047315E /* MiLiveViewController.m */ = {isa = PBXFileReference; lastKnownFileType = sourcecode.c.objc; path = MiLiveViewController.m; sourceTree = "<group>"; };
		84FAB60E2A175F0C0047315E /* MiLiveViewController.xib */ = {isa = PBXFileReference; lastKnownFileType = file.xib; path = MiLiveViewController.xib; sourceTree = "<group>"; };
		84FAB6112A17641D0047315E /* MiKeyCentor.h */ = {isa = PBXFileReference; lastKnownFileType = sourcecode.c.h; path = MiKeyCentor.h; sourceTree = "<group>"; };
		84FAB6122A1775720047315E /* MiAudienceVC.h */ = {isa = PBXFileReference; lastKnownFileType = sourcecode.c.h; path = MiAudienceVC.h; sourceTree = "<group>"; };
		84FAB6132A1775720047315E /* MiAudienceVC.m */ = {isa = PBXFileReference; lastKnownFileType = sourcecode.c.objc; path = MiAudienceVC.m; sourceTree = "<group>"; };
		84FAB6142A1775720047315E /* MiAudienceVC.xib */ = {isa = PBXFileReference; lastKnownFileType = file.xib; path = MiAudienceVC.xib; sourceTree = "<group>"; };
		84FAB61A2A29828D0047315E /* 3DMicroPlasticDefault.zip */ = {isa = PBXFileReference; lastKnownFileType = archive.zip; path = 3DMicroPlasticDefault.zip; sourceTree = "<group>"; };
		84FAB61C2A29828D0047315E /* whiten_gif.zip */ = {isa = PBXFileReference; lastKnownFileType = archive.zip; path = whiten_gif.zip; sourceTree = "<group>"; };
		84FAB61E2A29828D0047315E /* M_SenseME_CatFace_3.0.0.model */ = {isa = PBXFileReference; lastKnownFileType = file; path = M_SenseME_CatFace_3.0.0.model; sourceTree = "<group>"; };
		84FAB61F2A29828D0047315E /* M_SenseME_DogFace_2.0.0.model */ = {isa = PBXFileReference; lastKnownFileType = file; path = M_SenseME_DogFace_2.0.0.model; sourceTree = "<group>"; };
		84FAB6202A29828D0047315E /* model.bundle */ = {isa = PBXFileReference; lastKnownFileType = "wrapper.plug-in"; path = model.bundle; sourceTree = "<group>"; };
		84FAB6212A29828D0047315E /* SenseAR_v8.6.0(Effects)_Model_Usage_Instructions的.pdf */ = {isa = PBXFileReference; lastKnownFileType = image.pdf; path = "SenseAR_v8.6.0(Effects)_Model_Usage_Instructions的.pdf"; sourceTree = "<group>"; };
		84FAB6222A29828D0047315E /* M_SenseME_Attribute_1.0.1.model */ = {isa = PBXFileReference; lastKnownFileType = file; path = M_SenseME_Attribute_1.0.1.model; sourceTree = "<group>"; };
		84FAB6242A29828D0047315E /* eyelash.bundle */ = {isa = PBXFileReference; lastKnownFileType = "wrapper.plug-in"; path = eyelash.bundle; sourceTree = "<group>"; };
		84FAB6252A29828D0047315E /* lips.bundle */ = {isa = PBXFileReference; lastKnownFileType = "wrapper.plug-in"; path = lips.bundle; sourceTree = "<group>"; };
		84FAB6262A29828D0047315E /* brow.bundle */ = {isa = PBXFileReference; lastKnownFileType = "wrapper.plug-in"; path = brow.bundle; sourceTree = "<group>"; };
		84FAB6272A29828D0047315E /* qingzhuang.bundle */ = {isa = PBXFileReference; lastKnownFileType = "wrapper.plug-in"; path = qingzhuang.bundle; sourceTree = "<group>"; };
		84FAB6282A29828D0047315E /* face.bundle */ = {isa = PBXFileReference; lastKnownFileType = "wrapper.plug-in"; path = face.bundle; sourceTree = "<group>"; };
		84FAB6292A29828D0047315E /* eyeshadow.bundle */ = {isa = PBXFileReference; lastKnownFileType = "wrapper.plug-in"; path = eyeshadow.bundle; sourceTree = "<group>"; };
		84FAB62A2A29828D0047315E /* blush.bundle */ = {isa = PBXFileReference; lastKnownFileType = "wrapper.plug-in"; path = blush.bundle; sourceTree = "<group>"; };
		84FAB62C2A29828D0047315E /* lianxingface.zip */ = {isa = PBXFileReference; lastKnownFileType = archive.zip; path = lianxingface.zip; sourceTree = "<group>"; };
		84FAB62D2A29828D0047315E /* track.bundle */ = {isa = PBXFileReference; lastKnownFileType = "wrapper.plug-in"; path = track.bundle; sourceTree = "<group>"; };
		84FAB6302A29828D0047315E /* SenseME.lic */ = {isa = PBXFileReference; fileEncoding = 4; lastKnownFileType = text; path = SenseME.lic; sourceTree = "<group>"; };
		84FAB6322A29828D0047315E /* PortraitFilters.bundle */ = {isa = PBXFileReference; lastKnownFileType = "wrapper.plug-in"; path = PortraitFilters.bundle; sourceTree = "<group>"; };
		84FAB6332A29828D0047315E /* SceneryFilters.bundle */ = {isa = PBXFileReference; lastKnownFileType = "wrapper.plug-in"; path = SceneryFilters.bundle; sourceTree = "<group>"; };
		84FAB6342A29828D0047315E /* StillLifeFilters.bundle */ = {isa = PBXFileReference; lastKnownFileType = "wrapper.plug-in"; path = StillLifeFilters.bundle; sourceTree = "<group>"; };
		84FAB6352A29828D0047315E /* DeliciousFoodFilters.bundle */ = {isa = PBXFileReference; lastKnownFileType = "wrapper.plug-in"; path = DeliciousFoodFilters.bundle; sourceTree = "<group>"; };
		84FAB6372A29828D0047315E /* makeup_banner.png */ = {isa = PBXFileReference; lastKnownFileType = image.png; path = makeup_banner.png; sourceTree = "<group>"; };
		84FAB6392A29828D0047315E /* animal_banner.png */ = {isa = PBXFileReference; lastKnownFileType = image.png; path = animal_banner.png; sourceTree = "<group>"; };
		84FAB63A2A29828D0047315E /* catdog.md */ = {isa = PBXFileReference; fileEncoding = 4; lastKnownFileType = net.daringfireball.markdown; path = catdog.md; sourceTree = "<group>"; };
		84FAB63B2A29828D0047315E /* icon.png */ = {isa = PBXFileReference; lastKnownFileType = image.png; path = icon.png; sourceTree = "<group>"; };
		84FAB63C2A29828D0047315E /* cat_toukui.png */ = {isa = PBXFileReference; lastKnownFileType = image.png; path = cat_toukui.png; sourceTree = "<group>"; };
		84FAB63D2A29828D0047315E /* Dog_toukui.png */ = {isa = PBXFileReference; lastKnownFileType = image.png; path = Dog_toukui.png; sourceTree = "<group>"; };
		84FAB63E2A29828D0047315E /* cat3D.png */ = {isa = PBXFileReference; lastKnownFileType = image.png; path = cat3D.png; sourceTree = "<group>"; };
		84FAB63F2A29828D0047315E /* dog3D.png */ = {isa = PBXFileReference; lastKnownFileType = image.png; path = dog3D.png; sourceTree = "<group>"; };
		84FAB6402A29828D0047315E /* catdog.html */ = {isa = PBXFileReference; fileEncoding = 4; lastKnownFileType = text.html; path = catdog.html; sourceTree = "<group>"; };
		84FAB6412A29828D0047315E /* Dog_toukui00.png */ = {isa = PBXFileReference; lastKnownFileType = image.png; path = Dog_toukui00.png; sourceTree = "<group>"; };
		84FAB6432A29828D0047315E /* tryon_watch_banner.png */ = {isa = PBXFileReference; lastKnownFileType = image.png; path = tryon_watch_banner.png; sourceTree = "<group>"; };
		84FAB6442A29828D0047315E /* 试表.html */ = {isa = PBXFileReference; fileEncoding = 4; lastKnownFileType = text.html; path = "试表.html"; sourceTree = "<group>"; };
		84FAB6452A29828D0047315E /* 试表.md */ = {isa = PBXFileReference; fileEncoding = 4; lastKnownFileType = net.daringfireball.markdown; path = "试表.md"; sourceTree = "<group>"; };
		84FAB6462A29828D0047315E /* 试表.png */ = {isa = PBXFileReference; lastKnownFileType = image.png; path = "试表.png"; sourceTree = "<group>"; };
		84FAB66D2A2DD4870047315E /* AgoraSenseTimeExtension.framework */ = {isa = PBXFileReference; lastKnownFileType = wrapper.framework; path = AgoraSenseTimeExtension.framework; sourceTree = "<group>"; };
		84FAB6722A2DE8E20047315E /* MiCdnAudienceVC.h */ = {isa = PBXFileReference; lastKnownFileType = sourcecode.c.h; path = MiCdnAudienceVC.h; sourceTree = "<group>"; };
		84FAB6732A2DE8E20047315E /* MiCdnAudienceVC.m */ = {isa = PBXFileReference; lastKnownFileType = sourcecode.c.objc; path = MiCdnAudienceVC.m; sourceTree = "<group>"; };
		84FAB6742A2DE8E20047315E /* MiCdnAudienceVC.xib */ = {isa = PBXFileReference; lastKnownFileType = file.xib; path = MiCdnAudienceVC.xib; sourceTree = "<group>"; };
		EE42367A8B9CF0E97C72B4AE /* Pods_CusYrPoc.framework */ = {isa = PBXFileReference; explicitFileType = wrapper.framework; includeInIndex = 0; path = Pods_CusYrPoc.framework; sourceTree = BUILT_PRODUCTS_DIR; };
/* End PBXFileReference section */

/* Begin PBXFrameworksBuildPhase section */
		84FAB5D12A174E580047315E /* Frameworks */ = {
			isa = PBXFrameworksBuildPhase;
			buildActionMask = 2147483647;
			files = (
				E7B8247B2CD6311A1B3F4555 /* Pods_CusYrPoc.framework in Frameworks */,
				84FAB66F2A2DD4AD0047315E /* AgoraSenseTimeExtension.framework in Frameworks */,
			);
			runOnlyForDeploymentPostprocessing = 0;
		};
		84FAB5EC2A174E5B0047315E /* Frameworks */ = {
			isa = PBXFrameworksBuildPhase;
			buildActionMask = 2147483647;
			files = (
			);
			runOnlyForDeploymentPostprocessing = 0;
		};
		84FAB5F62A174E5B0047315E /* Frameworks */ = {
			isa = PBXFrameworksBuildPhase;
			buildActionMask = 2147483647;
			files = (
			);
			runOnlyForDeploymentPostprocessing = 0;
		};
/* End PBXFrameworksBuildPhase section */

/* Begin PBXGroup section */
		7883ADDE879522D98DEF9003 /* Pods */ = {
			isa = PBXGroup;
			children = (
				782F9F744DBF5C56E35E059D /* Pods-CusYrPoc.debug.xcconfig */,
				818C464A56E6609A3FDC2B98 /* Pods-CusYrPoc.release.xcconfig */,
			);
			path = Pods;
			sourceTree = "<group>";
		};
		84FAB5CB2A174E570047315E = {
			isa = PBXGroup;
			children = (
				84FAB6182A2981550047315E /* Resource */,
				84FAB5D62A174E580047315E /* CusYrPoc */,
				84FAB5F22A174E5B0047315E /* CusYrPocTests */,
				84FAB5FC2A174E5B0047315E /* CusYrPocUITests */,
				84FAB5D52A174E580047315E /* Products */,
				7883ADDE879522D98DEF9003 /* Pods */,
				FB075ED17FA21F2E167C44F0 /* Frameworks */,
			);
			sourceTree = "<group>";
		};
		84FAB5D52A174E580047315E /* Products */ = {
			isa = PBXGroup;
			children = (
				84FAB5D42A174E580047315E /* CusYrPoc.app */,
				84FAB5EF2A174E5B0047315E /* CusYrPocTests.xctest */,
				84FAB5F92A174E5B0047315E /* CusYrPocUITests.xctest */,
			);
			name = Products;
			sourceTree = "<group>";
		};
		84FAB5D62A174E580047315E /* CusYrPoc */ = {
			isa = PBXGroup;
			children = (
				84FAB66D2A2DD4870047315E /* AgoraSenseTimeExtension.framework */,
				84FAB5D72A174E580047315E /* AppDelegate.h */,
				84FAB5D82A174E580047315E /* AppDelegate.m */,
				84FAB5DA2A174E580047315E /* SceneDelegate.h */,
				84FAB5DB2A174E580047315E /* SceneDelegate.m */,
				84FAB5DD2A174E580047315E /* ViewController.h */,
				84FAB5DE2A174E580047315E /* ViewController.m */,
				84FAB6722A2DE8E20047315E /* MiCdnAudienceVC.h */,
				84FAB6732A2DE8E20047315E /* MiCdnAudienceVC.m */,
				84FAB6742A2DE8E20047315E /* MiCdnAudienceVC.xib */,
				84FAB6122A1775720047315E /* MiAudienceVC.h */,
				84FAB6132A1775720047315E /* MiAudienceVC.m */,
				84FAB6142A1775720047315E /* MiAudienceVC.xib */,
				84FAB60C2A175F0C0047315E /* MiLiveViewController.h */,
				84FAB60D2A175F0C0047315E /* MiLiveViewController.m */,
				84FAB60E2A175F0C0047315E /* MiLiveViewController.xib */,
				84FAB6112A17641D0047315E /* MiKeyCentor.h */,
				84FAB5E02A174E580047315E /* Main.storyboard */,
				84FAB5E32A174E5B0047315E /* Assets.xcassets */,
				84FAB5E52A174E5B0047315E /* LaunchScreen.storyboard */,
				84FAB5E82A174E5B0047315E /* Info.plist */,
				84FAB5E92A174E5B0047315E /* main.m */,
			);
			path = CusYrPoc;
			sourceTree = "<group>";
		};
		84FAB5F22A174E5B0047315E /* CusYrPocTests */ = {
			isa = PBXGroup;
			children = (
				84FAB5F32A174E5B0047315E /* CusYrPocTests.m */,
			);
			path = CusYrPocTests;
			sourceTree = "<group>";
		};
		84FAB5FC2A174E5B0047315E /* CusYrPocUITests */ = {
			isa = PBXGroup;
			children = (
				84FAB5FD2A174E5B0047315E /* CusYrPocUITests.m */,
				84FAB5FF2A174E5B0047315E /* CusYrPocUITestsLaunchTests.m */,
			);
			path = CusYrPocUITests;
			sourceTree = "<group>";
		};
		84FAB6182A2981550047315E /* Resource */ = {
			isa = PBXGroup;
			children = (
				84FAB6192A29828D0047315E /* Beauty */,
				84FAB61B2A29828D0047315E /* Color */,
				84FAB6312A29828D0047315E /* Filters */,
				84FAB62E2A29828D0047315E /* license */,
				84FAB6232A29828D0047315E /* Makeup */,
				84FAB61D2A29828D0047315E /* models */,
				84FAB62B2A29828D0047315E /* StickerZipAndIcons */,
				84FAB6362A29828D0047315E /* WebView */,
			);
			path = Resource;
			sourceTree = "<group>";
		};
		84FAB6192A29828D0047315E /* Beauty */ = {
			isa = PBXGroup;
			children = (
				84FAB61A2A29828D0047315E /* 3DMicroPlasticDefault.zip */,
			);
			path = Beauty;
			sourceTree = "<group>";
		};
		84FAB61B2A29828D0047315E /* Color */ = {
			isa = PBXGroup;
			children = (
				84FAB61C2A29828D0047315E /* whiten_gif.zip */,
			);
			path = Color;
			sourceTree = "<group>";
		};
		84FAB61D2A29828D0047315E /* models */ = {
			isa = PBXGroup;
			children = (
				84FAB61E2A29828D0047315E /* M_SenseME_CatFace_3.0.0.model */,
				84FAB61F2A29828D0047315E /* M_SenseME_DogFace_2.0.0.model */,
				84FAB6202A29828D0047315E /* model.bundle */,
				84FAB6212A29828D0047315E /* SenseAR_v8.6.0(Effects)_Model_Usage_Instructions的.pdf */,
				84FAB6222A29828D0047315E /* M_SenseME_Attribute_1.0.1.model */,
			);
			path = models;
			sourceTree = "<group>";
		};
		84FAB6232A29828D0047315E /* Makeup */ = {
			isa = PBXGroup;
			children = (
				84FAB6242A29828D0047315E /* eyelash.bundle */,
				84FAB6252A29828D0047315E /* lips.bundle */,
				84FAB6262A29828D0047315E /* brow.bundle */,
				84FAB6272A29828D0047315E /* qingzhuang.bundle */,
				84FAB6282A29828D0047315E /* face.bundle */,
				84FAB6292A29828D0047315E /* eyeshadow.bundle */,
				84FAB62A2A29828D0047315E /* blush.bundle */,
			);
			path = Makeup;
			sourceTree = "<group>";
		};
		84FAB62B2A29828D0047315E /* StickerZipAndIcons */ = {
			isa = PBXGroup;
			children = (
				84FAB62C2A29828D0047315E /* lianxingface.zip */,
				84FAB62D2A29828D0047315E /* track.bundle */,
			);
			path = StickerZipAndIcons;
			sourceTree = "<group>";
		};
		84FAB62E2A29828D0047315E /* license */ = {
			isa = PBXGroup;
			children = (
				84FAB6302A29828D0047315E /* SenseME.lic */,
			);
			path = license;
			sourceTree = "<group>";
		};
		84FAB6312A29828D0047315E /* Filters */ = {
			isa = PBXGroup;
			children = (
				84FAB6322A29828D0047315E /* PortraitFilters.bundle */,
				84FAB6332A29828D0047315E /* SceneryFilters.bundle */,
				84FAB6342A29828D0047315E /* StillLifeFilters.bundle */,
				84FAB6352A29828D0047315E /* DeliciousFoodFilters.bundle */,
			);
			path = Filters;
			sourceTree = "<group>";
		};
		84FAB6362A29828D0047315E /* WebView */ = {
			isa = PBXGroup;
			children = (
				84FAB6372A29828D0047315E /* makeup_banner.png */,
				84FAB6382A29828D0047315E /* 猫_狗3D介绍 */,
				84FAB6422A29828D0047315E /* 试表介绍 */,
			);
			path = WebView;
			sourceTree = "<group>";
		};
		84FAB6382A29828D0047315E /* 猫_狗3D介绍 */ = {
			isa = PBXGroup;
			children = (
				84FAB6392A29828D0047315E /* animal_banner.png */,
				84FAB63A2A29828D0047315E /* catdog.md */,
				84FAB63B2A29828D0047315E /* icon.png */,
				84FAB63C2A29828D0047315E /* cat_toukui.png */,
				84FAB63D2A29828D0047315E /* Dog_toukui.png */,
				84FAB63E2A29828D0047315E /* cat3D.png */,
				84FAB63F2A29828D0047315E /* dog3D.png */,
				84FAB6402A29828D0047315E /* catdog.html */,
				84FAB6412A29828D0047315E /* Dog_toukui00.png */,
			);
			path = "猫_狗3D介绍";
			sourceTree = "<group>";
		};
		84FAB6422A29828D0047315E /* 试表介绍 */ = {
			isa = PBXGroup;
			children = (
				84FAB6432A29828D0047315E /* tryon_watch_banner.png */,
				84FAB6442A29828D0047315E /* 试表.html */,
				84FAB6452A29828D0047315E /* 试表.md */,
				84FAB6462A29828D0047315E /* 试表.png */,
			);
			path = "试表介绍";
			sourceTree = "<group>";
		};
		FB075ED17FA21F2E167C44F0 /* Frameworks */ = {
			isa = PBXGroup;
			children = (
				EE42367A8B9CF0E97C72B4AE /* Pods_CusYrPoc.framework */,
			);
			name = Frameworks;
			sourceTree = "<group>";
		};
/* End PBXGroup section */

/* Begin PBXNativeTarget section */
		84FAB5D32A174E580047315E /* CusYrPoc */ = {
			isa = PBXNativeTarget;
			buildConfigurationList = 84FAB6032A174E5B0047315E /* Build configuration list for PBXNativeTarget "CusYrPoc" */;
			buildPhases = (
				A82F47EDCE57FA4EA6F9C739 /* [CP] Check Pods Manifest.lock */,
				84FAB5D02A174E580047315E /* Sources */,
				84FAB5D12A174E580047315E /* Frameworks */,
				84FAB5D22A174E580047315E /* Resources */,
				32F0E21B7AF7A51B6F0FF082 /* [CP] Embed Pods Frameworks */,
				84FAB6712A2DD4AE0047315E /* Embed Frameworks */,
			);
			buildRules = (
			);
			dependencies = (
			);
			name = CusYrPoc;
			productName = CusYrPoc;
			productReference = 84FAB5D42A174E580047315E /* CusYrPoc.app */;
			productType = "com.apple.product-type.application";
		};
		84FAB5EE2A174E5B0047315E /* CusYrPocTests */ = {
			isa = PBXNativeTarget;
			buildConfigurationList = 84FAB6062A174E5B0047315E /* Build configuration list for PBXNativeTarget "CusYrPocTests" */;
			buildPhases = (
				84FAB5EB2A174E5B0047315E /* Sources */,
				84FAB5EC2A174E5B0047315E /* Frameworks */,
				84FAB5ED2A174E5B0047315E /* Resources */,
			);
			buildRules = (
			);
			dependencies = (
				84FAB5F12A174E5B0047315E /* PBXTargetDependency */,
			);
			name = CusYrPocTests;
			productName = CusYrPocTests;
			productReference = 84FAB5EF2A174E5B0047315E /* CusYrPocTests.xctest */;
			productType = "com.apple.product-type.bundle.unit-test";
		};
		84FAB5F82A174E5B0047315E /* CusYrPocUITests */ = {
			isa = PBXNativeTarget;
			buildConfigurationList = 84FAB6092A174E5B0047315E /* Build configuration list for PBXNativeTarget "CusYrPocUITests" */;
			buildPhases = (
				84FAB5F52A174E5B0047315E /* Sources */,
				84FAB5F62A174E5B0047315E /* Frameworks */,
				84FAB5F72A174E5B0047315E /* Resources */,
			);
			buildRules = (
			);
			dependencies = (
				84FAB5FB2A174E5B0047315E /* PBXTargetDependency */,
			);
			name = CusYrPocUITests;
			productName = CusYrPocUITests;
			productReference = 84FAB5F92A174E5B0047315E /* CusYrPocUITests.xctest */;
			productType = "com.apple.product-type.bundle.ui-testing";
		};
/* End PBXNativeTarget section */

/* Begin PBXProject section */
		84FAB5CC2A174E570047315E /* Project object */ = {
			isa = PBXProject;
			attributes = {
				BuildIndependentTargetsInParallel = 1;
				LastUpgradeCheck = 1430;
				TargetAttributes = {
					84FAB5D32A174E580047315E = {
						CreatedOnToolsVersion = 14.3;
					};
					84FAB5EE2A174E5B0047315E = {
						CreatedOnToolsVersion = 14.3;
						TestTargetID = 84FAB5D32A174E580047315E;
					};
					84FAB5F82A174E5B0047315E = {
						CreatedOnToolsVersion = 14.3;
						TestTargetID = 84FAB5D32A174E580047315E;
					};
				};
			};
			buildConfigurationList = 84FAB5CF2A174E580047315E /* Build configuration list for PBXProject "CusYrPoc" */;
			compatibilityVersion = "Xcode 14.0";
			developmentRegion = en;
			hasScannedForEncodings = 0;
			knownRegions = (
				en,
				Base,
			);
			mainGroup = 84FAB5CB2A174E570047315E;
			productRefGroup = 84FAB5D52A174E580047315E /* Products */;
			projectDirPath = "";
			projectRoot = "";
			targets = (
				84FAB5D32A174E580047315E /* CusYrPoc */,
				84FAB5EE2A174E5B0047315E /* CusYrPocTests */,
				84FAB5F82A174E5B0047315E /* CusYrPocUITests */,
			);
		};
/* End PBXProject section */

/* Begin PBXResourcesBuildPhase section */
		84FAB5D22A174E580047315E /* Resources */ = {
			isa = PBXResourcesBuildPhase;
			buildActionMask = 2147483647;
			files = (
				84FAB65C2A29828D0047315E /* DeliciousFoodFilters.bundle in Resources */,
				84FAB6642A29828D0047315E /* dog3D.png in Resources */,
				84FAB6502A29828D0047315E /* brow.bundle in Resources */,
				84FAB5E72A174E5B0047315E /* LaunchScreen.storyboard in Resources */,
				84FAB6652A29828D0047315E /* catdog.html in Resources */,
				84FAB6482A29828D0047315E /* whiten_gif.zip in Resources */,
				84FAB6542A29828D0047315E /* blush.bundle in Resources */,
				84FAB5E42A174E5B0047315E /* Assets.xcassets in Resources */,
				84FAB6622A29828D0047315E /* Dog_toukui.png in Resources */,
				84FAB6472A29828D0047315E /* 3DMicroPlasticDefault.zip in Resources */,
				84FAB65B2A29828D0047315E /* StillLifeFilters.bundle in Resources */,
				84FAB6602A29828D0047315E /* icon.png in Resources */,
				84FAB6512A29828D0047315E /* qingzhuang.bundle in Resources */,
				84FAB65F2A29828D0047315E /* catdog.md in Resources */,
				84FAB6682A29828D0047315E /* 试表.html in Resources */,
				84FAB64E2A29828D0047315E /* eyelash.bundle in Resources */,
				84FAB6582A29828D0047315E /* SenseME.lic in Resources */,
				84FAB65D2A29828D0047315E /* makeup_banner.png in Resources */,
				84FAB64C2A29828D0047315E /* SenseAR_v8.6.0(Effects)_Model_Usage_Instructions的.pdf in Resources */,
				84FAB6492A29828D0047315E /* M_SenseME_CatFace_3.0.0.model in Resources */,
				84FAB6552A29828D0047315E /* lianxingface.zip in Resources */,
				84FAB64D2A29828D0047315E /* M_SenseME_Attribute_1.0.1.model in Resources */,
				84FAB6522A29828D0047315E /* face.bundle in Resources */,
				84FAB64B2A29828D0047315E /* model.bundle in Resources */,
				84FAB6692A29828D0047315E /* 试表.md in Resources */,
				84FAB6102A175F0C0047315E /* MiLiveViewController.xib in Resources */,
				84FAB6562A29828D0047315E /* track.bundle in Resources */,
				84FAB6532A29828D0047315E /* eyeshadow.bundle in Resources */,
				84FAB5E22A174E580047315E /* Main.storyboard in Resources */,
				84FAB6672A29828D0047315E /* tryon_watch_banner.png in Resources */,
				84FAB6762A2DE8E20047315E /* MiCdnAudienceVC.xib in Resources */,
				84FAB6612A29828D0047315E /* cat_toukui.png in Resources */,
				84FAB65E2A29828D0047315E /* animal_banner.png in Resources */,
				84FAB6592A29828D0047315E /* PortraitFilters.bundle in Resources */,
				84FAB66A2A29828D0047315E /* 试表.png in Resources */,
				84FAB64F2A29828D0047315E /* lips.bundle in Resources */,
				84FAB6162A1775720047315E /* MiAudienceVC.xib in Resources */,
				84FAB64A2A29828D0047315E /* M_SenseME_DogFace_2.0.0.model in Resources */,
				84FAB65A2A29828D0047315E /* SceneryFilters.bundle in Resources */,
				84FAB6662A29828D0047315E /* Dog_toukui00.png in Resources */,
				84FAB6632A29828D0047315E /* cat3D.png in Resources */,
			);
			runOnlyForDeploymentPostprocessing = 0;
		};
		84FAB5ED2A174E5B0047315E /* Resources */ = {
			isa = PBXResourcesBuildPhase;
			buildActionMask = 2147483647;
			files = (
			);
			runOnlyForDeploymentPostprocessing = 0;
		};
		84FAB5F72A174E5B0047315E /* Resources */ = {
			isa = PBXResourcesBuildPhase;
			buildActionMask = 2147483647;
			files = (
			);
			runOnlyForDeploymentPostprocessing = 0;
		};
/* End PBXResourcesBuildPhase section */

/* Begin PBXShellScriptBuildPhase section */
		32F0E21B7AF7A51B6F0FF082 /* [CP] Embed Pods Frameworks */ = {
			isa = PBXShellScriptBuildPhase;
			buildActionMask = 2147483647;
			files = (
			);
			inputFileListPaths = (
				"${PODS_ROOT}/Target Support Files/Pods-CusYrPoc/Pods-CusYrPoc-frameworks-${CONFIGURATION}-input-files.xcfilelist",
			);
			name = "[CP] Embed Pods Frameworks";
			outputFileListPaths = (
				"${PODS_ROOT}/Target Support Files/Pods-CusYrPoc/Pods-CusYrPoc-frameworks-${CONFIGURATION}-output-files.xcfilelist",
			);
			runOnlyForDeploymentPostprocessing = 0;
			shellPath = /bin/sh;
			shellScript = "\"${PODS_ROOT}/Target Support Files/Pods-CusYrPoc/Pods-CusYrPoc-frameworks.sh\"\n";
			showEnvVarsInLog = 0;
		};
		A82F47EDCE57FA4EA6F9C739 /* [CP] Check Pods Manifest.lock */ = {
			isa = PBXShellScriptBuildPhase;
			buildActionMask = 2147483647;
			files = (
			);
			inputFileListPaths = (
			);
			inputPaths = (
				"${PODS_PODFILE_DIR_PATH}/Podfile.lock",
				"${PODS_ROOT}/Manifest.lock",
			);
			name = "[CP] Check Pods Manifest.lock";
			outputFileListPaths = (
			);
			outputPaths = (
				"$(DERIVED_FILE_DIR)/Pods-CusYrPoc-checkManifestLockResult.txt",
			);
			runOnlyForDeploymentPostprocessing = 0;
			shellPath = /bin/sh;
			shellScript = "diff \"${PODS_PODFILE_DIR_PATH}/Podfile.lock\" \"${PODS_ROOT}/Manifest.lock\" > /dev/null\nif [ $? != 0 ] ; then\n    # print error to STDERR\n    echo \"error: The sandbox is not in sync with the Podfile.lock. Run 'pod install' or update your CocoaPods installation.\" >&2\n    exit 1\nfi\n# This output is used by Xcode 'outputs' to avoid re-running this script phase.\necho \"SUCCESS\" > \"${SCRIPT_OUTPUT_FILE_0}\"\n";
			showEnvVarsInLog = 0;
		};
/* End PBXShellScriptBuildPhase section */

/* Begin PBXSourcesBuildPhase section */
		84FAB5D02A174E580047315E /* Sources */ = {
			isa = PBXSourcesBuildPhase;
			buildActionMask = 2147483647;
			files = (
				84FAB5DF2A174E580047315E /* ViewController.m in Sources */,
				84FAB5D92A174E580047315E /* AppDelegate.m in Sources */,
				84FAB6752A2DE8E20047315E /* MiCdnAudienceVC.m in Sources */,
				84FAB6152A1775720047315E /* MiAudienceVC.m in Sources */,
				84FAB5EA2A174E5B0047315E /* main.m in Sources */,
				84FAB60F2A175F0C0047315E /* MiLiveViewController.m in Sources */,
				84FAB5DC2A174E580047315E /* SceneDelegate.m in Sources */,
			);
			runOnlyForDeploymentPostprocessing = 0;
		};
		84FAB5EB2A174E5B0047315E /* Sources */ = {
			isa = PBXSourcesBuildPhase;
			buildActionMask = 2147483647;
			files = (
				84FAB5F42A174E5B0047315E /* CusYrPocTests.m in Sources */,
			);
			runOnlyForDeploymentPostprocessing = 0;
		};
		84FAB5F52A174E5B0047315E /* Sources */ = {
			isa = PBXSourcesBuildPhase;
			buildActionMask = 2147483647;
			files = (
				84FAB6002A174E5B0047315E /* CusYrPocUITestsLaunchTests.m in Sources */,
				84FAB5FE2A174E5B0047315E /* CusYrPocUITests.m in Sources */,
			);
			runOnlyForDeploymentPostprocessing = 0;
		};
/* End PBXSourcesBuildPhase section */

/* Begin PBXTargetDependency section */
		84FAB5F12A174E5B0047315E /* PBXTargetDependency */ = {
			isa = PBXTargetDependency;
			target = 84FAB5D32A174E580047315E /* CusYrPoc */;
			targetProxy = 84FAB5F02A174E5B0047315E /* PBXContainerItemProxy */;
		};
		84FAB5FB2A174E5B0047315E /* PBXTargetDependency */ = {
			isa = PBXTargetDependency;
			target = 84FAB5D32A174E580047315E /* CusYrPoc */;
			targetProxy = 84FAB5FA2A174E5B0047315E /* PBXContainerItemProxy */;
		};
/* End PBXTargetDependency section */

/* Begin PBXVariantGroup section */
		84FAB5E02A174E580047315E /* Main.storyboard */ = {
			isa = PBXVariantGroup;
			children = (
				84FAB5E12A174E580047315E /* Base */,
			);
			name = Main.storyboard;
			sourceTree = "<group>";
		};
		84FAB5E52A174E5B0047315E /* LaunchScreen.storyboard */ = {
			isa = PBXVariantGroup;
			children = (
				84FAB5E62A174E5B0047315E /* Base */,
			);
			name = LaunchScreen.storyboard;
			sourceTree = "<group>";
		};
/* End PBXVariantGroup section */

/* Begin XCBuildConfiguration section */
		84FAB6012A174E5B0047315E /* Debug */ = {
			isa = XCBuildConfiguration;
			buildSettings = {
				ALWAYS_SEARCH_USER_PATHS = NO;
				CLANG_ANALYZER_NONNULL = YES;
				CLANG_ANALYZER_NUMBER_OBJECT_CONVERSION = YES_AGGRESSIVE;
				CLANG_CXX_LANGUAGE_STANDARD = "gnu++20";
				CLANG_ENABLE_MODULES = YES;
				CLANG_ENABLE_OBJC_ARC = YES;
				CLANG_ENABLE_OBJC_WEAK = YES;
				CLANG_WARN_BLOCK_CAPTURE_AUTORELEASING = YES;
				CLANG_WARN_BOOL_CONVERSION = YES;
				CLANG_WARN_COMMA = YES;
				CLANG_WARN_CONSTANT_CONVERSION = YES;
				CLANG_WARN_DEPRECATED_OBJC_IMPLEMENTATIONS = YES;
				CLANG_WARN_DIRECT_OBJC_ISA_USAGE = YES_ERROR;
				CLANG_WARN_DOCUMENTATION_COMMENTS = YES;
				CLANG_WARN_EMPTY_BODY = YES;
				CLANG_WARN_ENUM_CONVERSION = YES;
				CLANG_WARN_INFINITE_RECURSION = YES;
				CLANG_WARN_INT_CONVERSION = YES;
				CLANG_WARN_NON_LITERAL_NULL_CONVERSION = YES;
				CLANG_WARN_OBJC_IMPLICIT_RETAIN_SELF = YES;
				CLANG_WARN_OBJC_LITERAL_CONVERSION = YES;
				CLANG_WARN_OBJC_ROOT_CLASS = YES_ERROR;
				CLANG_WARN_QUOTED_INCLUDE_IN_FRAMEWORK_HEADER = YES;
				CLANG_WARN_RANGE_LOOP_ANALYSIS = YES;
				CLANG_WARN_STRICT_PROTOTYPES = YES;
				CLANG_WARN_SUSPICIOUS_MOVE = YES;
				CLANG_WARN_UNGUARDED_AVAILABILITY = YES_AGGRESSIVE;
				CLANG_WARN_UNREACHABLE_CODE = YES;
				CLANG_WARN__DUPLICATE_METHOD_MATCH = YES;
				COPY_PHASE_STRIP = NO;
				DEBUG_INFORMATION_FORMAT = dwarf;
				ENABLE_STRICT_OBJC_MSGSEND = YES;
				ENABLE_TESTABILITY = YES;
				GCC_C_LANGUAGE_STANDARD = gnu11;
				GCC_DYNAMIC_NO_PIC = NO;
				GCC_NO_COMMON_BLOCKS = YES;
				GCC_OPTIMIZATION_LEVEL = 0;
				GCC_PREPROCESSOR_DEFINITIONS = (
					"DEBUG=1",
					"$(inherited)",
				);
				GCC_WARN_64_TO_32_BIT_CONVERSION = YES;
				GCC_WARN_ABOUT_RETURN_TYPE = YES_ERROR;
				GCC_WARN_UNDECLARED_SELECTOR = YES;
				GCC_WARN_UNINITIALIZED_AUTOS = YES_AGGRESSIVE;
				GCC_WARN_UNUSED_FUNCTION = YES;
				GCC_WARN_UNUSED_VARIABLE = YES;
				IPHONEOS_DEPLOYMENT_TARGET = 16.4;
				MTL_ENABLE_DEBUG_INFO = INCLUDE_SOURCE;
				MTL_FAST_MATH = YES;
				ONLY_ACTIVE_ARCH = YES;
				SDKROOT = iphoneos;
			};
			name = Debug;
		};
		84FAB6022A174E5B0047315E /* Release */ = {
			isa = XCBuildConfiguration;
			buildSettings = {
				ALWAYS_SEARCH_USER_PATHS = NO;
				CLANG_ANALYZER_NONNULL = YES;
				CLANG_ANALYZER_NUMBER_OBJECT_CONVERSION = YES_AGGRESSIVE;
				CLANG_CXX_LANGUAGE_STANDARD = "gnu++20";
				CLANG_ENABLE_MODULES = YES;
				CLANG_ENABLE_OBJC_ARC = YES;
				CLANG_ENABLE_OBJC_WEAK = YES;
				CLANG_WARN_BLOCK_CAPTURE_AUTORELEASING = YES;
				CLANG_WARN_BOOL_CONVERSION = YES;
				CLANG_WARN_COMMA = YES;
				CLANG_WARN_CONSTANT_CONVERSION = YES;
				CLANG_WARN_DEPRECATED_OBJC_IMPLEMENTATIONS = YES;
				CLANG_WARN_DIRECT_OBJC_ISA_USAGE = YES_ERROR;
				CLANG_WARN_DOCUMENTATION_COMMENTS = YES;
				CLANG_WARN_EMPTY_BODY = YES;
				CLANG_WARN_ENUM_CONVERSION = YES;
				CLANG_WARN_INFINITE_RECURSION = YES;
				CLANG_WARN_INT_CONVERSION = YES;
				CLANG_WARN_NON_LITERAL_NULL_CONVERSION = YES;
				CLANG_WARN_OBJC_IMPLICIT_RETAIN_SELF = YES;
				CLANG_WARN_OBJC_LITERAL_CONVERSION = YES;
				CLANG_WARN_OBJC_ROOT_CLASS = YES_ERROR;
				CLANG_WARN_QUOTED_INCLUDE_IN_FRAMEWORK_HEADER = YES;
				CLANG_WARN_RANGE_LOOP_ANALYSIS = YES;
				CLANG_WARN_STRICT_PROTOTYPES = YES;
				CLANG_WARN_SUSPICIOUS_MOVE = YES;
				CLANG_WARN_UNGUARDED_AVAILABILITY = YES_AGGRESSIVE;
				CLANG_WARN_UNREACHABLE_CODE = YES;
				CLANG_WARN__DUPLICATE_METHOD_MATCH = YES;
				COPY_PHASE_STRIP = NO;
				DEBUG_INFORMATION_FORMAT = "dwarf-with-dsym";
				ENABLE_NS_ASSERTIONS = NO;
				ENABLE_STRICT_OBJC_MSGSEND = YES;
				GCC_C_LANGUAGE_STANDARD = gnu11;
				GCC_NO_COMMON_BLOCKS = YES;
				GCC_WARN_64_TO_32_BIT_CONVERSION = YES;
				GCC_WARN_ABOUT_RETURN_TYPE = YES_ERROR;
				GCC_WARN_UNDECLARED_SELECTOR = YES;
				GCC_WARN_UNINITIALIZED_AUTOS = YES_AGGRESSIVE;
				GCC_WARN_UNUSED_FUNCTION = YES;
				GCC_WARN_UNUSED_VARIABLE = YES;
				IPHONEOS_DEPLOYMENT_TARGET = 16.4;
				MTL_ENABLE_DEBUG_INFO = NO;
				MTL_FAST_MATH = YES;
				SDKROOT = iphoneos;
				VALIDATE_PRODUCT = YES;
			};
			name = Release;
		};
		84FAB6042A174E5B0047315E /* Debug */ = {
			isa = XCBuildConfiguration;
			baseConfigurationReference = 782F9F744DBF5C56E35E059D /* Pods-CusYrPoc.debug.xcconfig */;
			buildSettings = {
				ASSETCATALOG_COMPILER_APPICON_NAME = AppIcon;
				ASSETCATALOG_COMPILER_GLOBAL_ACCENT_COLOR_NAME = AccentColor;
				CODE_SIGN_IDENTITY = "Apple Development";
				CODE_SIGN_STYLE = Automatic;
				CURRENT_PROJECT_VERSION = 1;
				DEVELOPMENT_TEAM = F2W7ZZD6VR;
				FRAMEWORK_SEARCH_PATHS = (
					"$(inherited)",
					"$(PROJECT_DIR)/CusYrPoc",
				);
				GENERATE_INFOPLIST_FILE = YES;
				INFOPLIST_FILE = CusYrPoc/Info.plist;
				INFOPLIST_KEY_NSCameraUsageDescription = "for a live";
				INFOPLIST_KEY_NSMicrophoneUsageDescription = "for a live";
				INFOPLIST_KEY_UIApplicationSupportsIndirectInputEvents = YES;
				INFOPLIST_KEY_UILaunchStoryboardName = LaunchScreen;
				INFOPLIST_KEY_UIMainStoryboardFile = Main;
				INFOPLIST_KEY_UISupportedInterfaceOrientations_iPad = "UIInterfaceOrientationPortrait UIInterfaceOrientationPortraitUpsideDown UIInterfaceOrientationLandscapeLeft UIInterfaceOrientationLandscapeRight";
				INFOPLIST_KEY_UISupportedInterfaceOrientations_iPhone = "UIInterfaceOrientationPortrait UIInterfaceOrientationLandscapeLeft UIInterfaceOrientationLandscapeRight";
				IPHONEOS_DEPLOYMENT_TARGET = 11.0;
				LD_RUNPATH_SEARCH_PATHS = (
					"$(inherited)",
					"@executable_path/Frameworks",
				);
				MARKETING_VERSION = 1.0;
				PRODUCT_BUNDLE_IDENTIFIER = io.agora.rte.extension.sensetime;
				PRODUCT_NAME = "$(TARGET_NAME)";
				PROVISIONING_PROFILE_SPECIFIER = "";
				SWIFT_EMIT_LOC_STRINGS = YES;
				TARGETED_DEVICE_FAMILY = "1,2";
			};
			name = Debug;
		};
		84FAB6052A174E5B0047315E /* Release */ = {
			isa = XCBuildConfiguration;
			baseConfigurationReference = 818C464A56E6609A3FDC2B98 /* Pods-CusYrPoc.release.xcconfig */;
			buildSettings = {
				ASSETCATALOG_COMPILER_APPICON_NAME = AppIcon;
				ASSETCATALOG_COMPILER_GLOBAL_ACCENT_COLOR_NAME = AccentColor;
				CODE_SIGN_IDENTITY = "Apple Development";
				CODE_SIGN_STYLE = Automatic;
				CURRENT_PROJECT_VERSION = 1;
				DEVELOPMENT_TEAM = F2W7ZZD6VR;
				FRAMEWORK_SEARCH_PATHS = (
					"$(inherited)",
					"$(PROJECT_DIR)/CusYrPoc",
				);
				GENERATE_INFOPLIST_FILE = YES;
				INFOPLIST_FILE = CusYrPoc/Info.plist;
				INFOPLIST_KEY_NSCameraUsageDescription = "for a live";
				INFOPLIST_KEY_NSMicrophoneUsageDescription = "for a live";
				INFOPLIST_KEY_UIApplicationSupportsIndirectInputEvents = YES;
				INFOPLIST_KEY_UILaunchStoryboardName = LaunchScreen;
				INFOPLIST_KEY_UIMainStoryboardFile = Main;
				INFOPLIST_KEY_UISupportedInterfaceOrientations_iPad = "UIInterfaceOrientationPortrait UIInterfaceOrientationPortraitUpsideDown UIInterfaceOrientationLandscapeLeft UIInterfaceOrientationLandscapeRight";
				INFOPLIST_KEY_UISupportedInterfaceOrientations_iPhone = "UIInterfaceOrientationPortrait UIInterfaceOrientationLandscapeLeft UIInterfaceOrientationLandscapeRight";
				IPHONEOS_DEPLOYMENT_TARGET = 11.0;
				LD_RUNPATH_SEARCH_PATHS = (
					"$(inherited)",
					"@executable_path/Frameworks",
				);
				MARKETING_VERSION = 1.0;
				PRODUCT_BUNDLE_IDENTIFIER = io.agora.rte.extension.sensetime;
				PRODUCT_NAME = "$(TARGET_NAME)";
				PROVISIONING_PROFILE_SPECIFIER = "";
				SWIFT_EMIT_LOC_STRINGS = YES;
				TARGETED_DEVICE_FAMILY = "1,2";
			};
			name = Release;
		};
		84FAB6072A174E5B0047315E /* Debug */ = {
			isa = XCBuildConfiguration;
			buildSettings = {
				BUNDLE_LOADER = "$(TEST_HOST)";
				CODE_SIGN_STYLE = Automatic;
				CURRENT_PROJECT_VERSION = 1;
				DEVELOPMENT_TEAM = F2W7ZZD6VR;
				GENERATE_INFOPLIST_FILE = YES;
				IPHONEOS_DEPLOYMENT_TARGET = 16.4;
				MARKETING_VERSION = 1.0;
				PRODUCT_BUNDLE_IDENTIFIER = io.agora.rte.extension.CusYrPocTests;
				PRODUCT_NAME = "$(TARGET_NAME)";
				SWIFT_EMIT_LOC_STRINGS = NO;
				TARGETED_DEVICE_FAMILY = "1,2";
				TEST_HOST = "$(BUILT_PRODUCTS_DIR)/CusYrPoc.app/$(BUNDLE_EXECUTABLE_FOLDER_PATH)/CusYrPoc";
			};
			name = Debug;
		};
		84FAB6082A174E5B0047315E /* Release */ = {
			isa = XCBuildConfiguration;
			buildSettings = {
				BUNDLE_LOADER = "$(TEST_HOST)";
				CODE_SIGN_STYLE = Automatic;
				CURRENT_PROJECT_VERSION = 1;
				DEVELOPMENT_TEAM = F2W7ZZD6VR;
				GENERATE_INFOPLIST_FILE = YES;
				IPHONEOS_DEPLOYMENT_TARGET = 16.4;
				MARKETING_VERSION = 1.0;
				PRODUCT_BUNDLE_IDENTIFIER = io.agora.rte.extension.CusYrPocTests;
				PRODUCT_NAME = "$(TARGET_NAME)";
				SWIFT_EMIT_LOC_STRINGS = NO;
				TARGETED_DEVICE_FAMILY = "1,2";
				TEST_HOST = "$(BUILT_PRODUCTS_DIR)/CusYrPoc.app/$(BUNDLE_EXECUTABLE_FOLDER_PATH)/CusYrPoc";
			};
			name = Release;
		};
		84FAB60A2A174E5B0047315E /* Debug */ = {
			isa = XCBuildConfiguration;
			buildSettings = {
				CODE_SIGN_STYLE = Automatic;
				CURRENT_PROJECT_VERSION = 1;
				DEVELOPMENT_TEAM = F2W7ZZD6VR;
				GENERATE_INFOPLIST_FILE = YES;
				MARKETING_VERSION = 1.0;
				PRODUCT_BUNDLE_IDENTIFIER = com.shine.CusYrPocUITests;
				PRODUCT_NAME = "$(TARGET_NAME)";
				SWIFT_EMIT_LOC_STRINGS = NO;
				TARGETED_DEVICE_FAMILY = "1,2";
				TEST_TARGET_NAME = CusYrPoc;
			};
			name = Debug;
		};
		84FAB60B2A174E5B0047315E /* Release */ = {
			isa = XCBuildConfiguration;
			buildSettings = {
				CODE_SIGN_STYLE = Automatic;
				CURRENT_PROJECT_VERSION = 1;
				DEVELOPMENT_TEAM = F2W7ZZD6VR;
				GENERATE_INFOPLIST_FILE = YES;
				MARKETING_VERSION = 1.0;
				PRODUCT_BUNDLE_IDENTIFIER = com.shine.CusYrPocUITests;
				PRODUCT_NAME = "$(TARGET_NAME)";
				SWIFT_EMIT_LOC_STRINGS = NO;
				TARGETED_DEVICE_FAMILY = "1,2";
				TEST_TARGET_NAME = CusYrPoc;
			};
			name = Release;
		};
/* End XCBuildConfiguration section */

/* Begin XCConfigurationList section */
		84FAB5CF2A174E580047315E /* Build configuration list for PBXProject "CusYrPoc" */ = {
			isa = XCConfigurationList;
			buildConfigurations = (
				84FAB6012A174E5B0047315E /* Debug */,
				84FAB6022A174E5B0047315E /* Release */,
			);
			defaultConfigurationIsVisible = 0;
			defaultConfigurationName = Release;
		};
		84FAB6032A174E5B0047315E /* Build configuration list for PBXNativeTarget "CusYrPoc" */ = {
			isa = XCConfigurationList;
			buildConfigurations = (
				84FAB6042A174E5B0047315E /* Debug */,
				84FAB6052A174E5B0047315E /* Release */,
			);
			defaultConfigurationIsVisible = 0;
			defaultConfigurationName = Release;
		};
		84FAB6062A174E5B0047315E /* Build configuration list for PBXNativeTarget "CusYrPocTests" */ = {
			isa = XCConfigurationList;
			buildConfigurations = (
				84FAB6072A174E5B0047315E /* Debug */,
				84FAB6082A174E5B0047315E /* Release */,
			);
			defaultConfigurationIsVisible = 0;
			defaultConfigurationName = Release;
		};
		84FAB6092A174E5B0047315E /* Build configuration list for PBXNativeTarget "CusYrPocUITests" */ = {
			isa = XCConfigurationList;
			buildConfigurations = (
				84FAB60A2A174E5B0047315E /* Debug */,
				84FAB60B2A174E5B0047315E /* Release */,
			);
			defaultConfigurationIsVisible = 0;
			defaultConfigurationName = Release;
		};
/* End XCConfigurationList section */
	};
	rootObject = 84FAB5CC2A174E570047315E /* Project object */;
}
